
Microsoft Visual Studio Solution File, Format Version 12.00
# Visual Studio Version 16
VisualStudioVersion = 16.0.30907.101
MinimumVisualStudioVersion = 10.0.40219.1
Project("{9A19103F-16F7-4668-BE54-9A1E7A4F7556}") = "Day01", "Day01\Day01.csproj", "{91C41066-770E-42AE-B96C-BD31F3E8614A}"
EndProject
Project("{9A19103F-16F7-4668-BE54-9A1E7A4F7556}") = "Day02", "Day02\Day02.csproj", "{4B51BDB9-68F9-4DF0-9D26-7B8550640084}"
EndProject
Project("{9A19103F-16F7-4668-BE54-9A1E7A4F7556}") = "Day03", "Day03\Day03.csproj", "{7D9B1440-C14B-4E04-9483-2F8171E29718}"
EndProject
Project("{9A19103F-16F7-4668-BE54-9A1E7A4F7556}") = "Day04", "Day04\Day04.csproj", "{6F336B64-8D5D-4AE3-B0B1-90D7506C43DA}"
EndProject
Project("{9A19103F-16F7-4668-BE54-9A1E7A4F7556}") = "Day05", "Day05\Day05.csproj", "{474FEF59-D6B9-4060-A412-E3F91DB70C26}"
EndProject
Project("{9A19103F-16F7-4668-BE54-9A1E7A4F7556}") = "Day06", "Day06\Day06.csproj", "{8E762607-D83E-4DE5-A449-5386F6B2155A}"
EndProject
Project("{9A19103F-16F7-4668-BE54-9A1E7A4F7556}") = "Day07", "Day07\Day07.csproj", "{42D5E794-F8DF-432C-8ACF-E0CA6551BF6F}"
EndProject
Project("{FAE04EC0-301F-11D3-BF4B-00C04F79EFBC}") = "Day08", "Day08\Day08.csproj", "{FD48CFDB-D872-4559-A703-2C790469CA27}"
EndProject
Global
	GlobalSection(SolutionConfigurationPlatforms) = preSolution
		Debug|Any CPU = Debug|Any CPU
		Release|Any CPU = Release|Any CPU
	EndGlobalSection
	GlobalSection(ProjectConfigurationPlatforms) = postSolution
		{91C41066-770E-42AE-B96C-BD31F3E8614A}.Debug|Any CPU.ActiveCfg = Debug|Any CPU
		{91C41066-770E-42AE-B96C-BD31F3E8614A}.Debug|Any CPU.Build.0 = Debug|Any CPU
		{91C41066-770E-42AE-B96C-BD31F3E8614A}.Release|Any CPU.ActiveCfg = Release|Any CPU
		{91C41066-770E-42AE-B96C-BD31F3E8614A}.Release|Any CPU.Build.0 = Release|Any CPU
		{4B51BDB9-68F9-4DF0-9D26-7B8550640084}.Debug|Any CPU.ActiveCfg = Debug|Any CPU
		{4B51BDB9-68F9-4DF0-9D26-7B8550640084}.Debug|Any CPU.Build.0 = Debug|Any CPU
		{4B51BDB9-68F9-4DF0-9D26-7B8550640084}.Release|Any CPU.ActiveCfg = Release|Any CPU
		{4B51BDB9-68F9-4DF0-9D26-7B8550640084}.Release|Any CPU.Build.0 = Release|Any CPU
		{7D9B1440-C14B-4E04-9483-2F8171E29718}.Debug|Any CPU.ActiveCfg = Debug|Any CPU
		{7D9B1440-C14B-4E04-9483-2F8171E29718}.Debug|Any CPU.Build.0 = Debug|Any CPU
		{7D9B1440-C14B-4E04-9483-2F8171E29718}.Release|Any CPU.ActiveCfg = Release|Any CPU
		{7D9B1440-C14B-4E04-9483-2F8171E29718}.Release|Any CPU.Build.0 = Release|Any CPU
		{6F336B64-8D5D-4AE3-B0B1-90D7506C43DA}.Debug|Any CPU.ActiveCfg = Debug|Any CPU
		{6F336B64-8D5D-4AE3-B0B1-90D7506C43DA}.Debug|Any CPU.Build.0 = Debug|Any CPU
		{6F336B64-8D5D-4AE3-B0B1-90D7506C43DA}.Release|Any CPU.ActiveCfg = Release|Any CPU
		{6F336B64-8D5D-4AE3-B0B1-90D7506C43DA}.Release|Any CPU.Build.0 = Release|Any CPU
		{474FEF59-D6B9-4060-A412-E3F91DB70C26}.Debug|Any CPU.ActiveCfg = Debug|Any CPU
		{474FEF59-D6B9-4060-A412-E3F91DB70C26}.Debug|Any CPU.Build.0 = Debug|Any CPU
		{474FEF59-D6B9-4060-A412-E3F91DB70C26}.Release|Any CPU.ActiveCfg = Release|Any CPU
		{474FEF59-D6B9-4060-A412-E3F91DB70C26}.Release|Any CPU.Build.0 = Release|Any CPU
		{8E762607-D83E-4DE5-A449-5386F6B2155A}.Debug|Any CPU.ActiveCfg = Debug|Any CPU
		{8E762607-D83E-4DE5-A449-5386F6B2155A}.Debug|Any CPU.Build.0 = Debug|Any CPU
		{8E762607-D83E-4DE5-A449-5386F6B2155A}.Release|Any CPU.ActiveCfg = Release|Any CPU
		{8E762607-D83E-4DE5-A449-5386F6B2155A}.Release|Any CPU.Build.0 = Release|Any CPU
		{42D5E794-F8DF-432C-8ACF-E0CA6551BF6F}.Debug|Any CPU.ActiveCfg = Debug|Any CPU
		{42D5E794-F8DF-432C-8ACF-E0CA6551BF6F}.Debug|Any CPU.Build.0 = Debug|Any CPU
		{42D5E794-F8DF-432C-8ACF-E0CA6551BF6F}.Release|Any CPU.ActiveCfg = Release|Any CPU
		{42D5E794-F8DF-432C-8ACF-E0CA6551BF6F}.Release|Any CPU.Build.0 = Release|Any CPU
		{FD48CFDB-D872-4559-A703-2C790469CA27}.Debug|Any CPU.ActiveCfg = Debug|Any CPU
		{FD48CFDB-D872-4559-A703-2C790469CA27}.Debug|Any CPU.Build.0 = Debug|Any CPU
		{FD48CFDB-D872-4559-A703-2C790469CA27}.Release|Any CPU.ActiveCfg = Release|Any CPU
		{FD48CFDB-D872-4559-A703-2C790469CA27}.Release|Any CPU.Build.0 = Release|Any CPU
	EndGlobalSection
	GlobalSection(SolutionProperties) = preSolution
		HideSolutionNode = FALSE
	EndGlobalSection
	GlobalSection(ExtensibilityGlobals) = postSolution
		SolutionGuid = {9D00C25B-9912-484A-B09B-54E9E6B1C269}
	EndGlobalSection
EndGlobal
